
Microsoft Visual Studio Solution File, Format Version 12.00
# Visual Studio Version 16
VisualStudioVersion = 16.0.30804.86
MinimumVisualStudioVersion = 10.0.40219.1
Project("{FAE04EC0-301F-11D3-BF4B-00C04F79EFBC}") = "Car Race", "Car Race\Car Race.csproj", "{7A22F5C3-97ED-49DE-A3E4-E4E62BA0799F}"
EndProject
Global
	GlobalSection(SolutionConfigurationPlatforms) = preSolution
		Debug|Any CPU = Debug|Any CPU
		Release|Any CPU = Release|Any CPU
	EndGlobalSection
	GlobalSection(ProjectConfigurationPlatforms) = postSolution
		{7A22F5C3-97ED-49DE-A3E4-E4E62BA0799F}.Debug|Any CPU.ActiveCfg = Debug|Any CPU
		{7A22F5C3-97ED-49DE-A3E4-E4E62BA0799F}.Debug|Any CPU.Build.0 = Debug|Any CPU
		{7A22F5C3-97ED-49DE-A3E4-E4E62BA0799F}.Release|Any CPU.ActiveCfg = Release|Any CPU
		{7A22F5C3-97ED-49DE-A3E4-E4E62BA0799F}.Release|Any CPU.Build.0 = Release|Any CPU
	EndGlobalSection
	GlobalSection(SolutionProperties) = preSolution
		HideSolutionNode = FALSE
	EndGlobalSection
	GlobalSection(ExtensibilityGlobals) = postSolution
		SolutionGuid = {ADF442CF-9BDE-4FDB-8BCC-E1C7301B045D}
	EndGlobalSection
EndGlobal
